// !$*UTF8*$!
{
	archiveVersion = 1;
	classes = {
	};
	objectVersion = 56;
	objects = {

/* Begin PBXBuildFile section */
		2D22DE452B05BAFC00AFE639 /* superwheelsApp.swift in Sources */ = {isa = PBXBuildFile; fileRef = 2D22DE442B05BAFC00AFE639 /* superwheelsApp.swift */; };
		2D22DE472B05BAFC00AFE639 /* ContentView.swift in Sources */ = {isa = PBXBuildFile; fileRef = 2D22DE462B05BAFC00AFE639 /* ContentView.swift */; };
		2D22DE492B05BAFF00AFE639 /* Assets.xcassets in Resources */ = {isa = PBXBuildFile; fileRef = 2D22DE482B05BAFF00AFE639 /* Assets.xcassets */; };
		2D22DE4D2B05BAFF00AFE639 /* Preview Assets.xcassets in Resources */ = {isa = PBXBuildFile; fileRef = 2D22DE4C2B05BAFF00AFE639 /* Preview Assets.xcassets */; };
		2D22DE542B05C4D700AFE639 /* Launch Screen.storyboard in Resources */ = {isa = PBXBuildFile; fileRef = 2D22DE532B05C4D700AFE639 /* Launch Screen.storyboard */; };
		2D22DE562B05C4FC00AFE639 /* Main.storyboard in Resources */ = {isa = PBXBuildFile; fileRef = 2D22DE552B05C4FC00AFE639 /* Main.storyboard */; };
		2D27DA312B05C56900458E45 /* AppDelegate.swift in Sources */ = {isa = PBXBuildFile; fileRef = 2D27DA302B05C56900458E45 /* AppDelegate.swift */; };
		2D27DA352B05C7D800458E45 /* GoogleService-Info.plist in Resources */ = {isa = PBXBuildFile; fileRef = 2D27DA342B05C7D800458E45 /* GoogleService-Info.plist */; };
		2D27DA382B05DB9400458E45 /* FirebaseAnalytics in Frameworks */ = {isa = PBXBuildFile; productRef = 2D27DA372B05DB9400458E45 /* FirebaseAnalytics */; };
		2D27DA3A2B05DB9400458E45 /* FirebaseAnalyticsOnDeviceConversion in Frameworks */ = {isa = PBXBuildFile; productRef = 2D27DA392B05DB9400458E45 /* FirebaseAnalyticsOnDeviceConversion */; };
		2D27DA3C2B05DB9400458E45 /* FirebaseAnalyticsSwift in Frameworks */ = {isa = PBXBuildFile; productRef = 2D27DA3B2B05DB9400458E45 /* FirebaseAnalyticsSwift */; };
		2D27DA3E2B05DB9400458E45 /* FirebaseAnalyticsWithoutAdIdSupport in Frameworks */ = {isa = PBXBuildFile; productRef = 2D27DA3D2B05DB9400458E45 /* FirebaseAnalyticsWithoutAdIdSupport */; };
		2D27DA402B05DB9400458E45 /* FirebaseAppCheck in Frameworks */ = {isa = PBXBuildFile; productRef = 2D27DA3F2B05DB9400458E45 /* FirebaseAppCheck */; };
		2D27DA422B05DB9400458E45 /* FirebaseAppDistribution-Beta in Frameworks */ = {isa = PBXBuildFile; productRef = 2D27DA412B05DB9400458E45 /* FirebaseAppDistribution-Beta */; };
		2D27DA442B05DB9400458E45 /* FirebaseAuth in Frameworks */ = {isa = PBXBuildFile; productRef = 2D27DA432B05DB9400458E45 /* FirebaseAuth */; };
		2D27DA462B05DB9400458E45 /* FirebaseDatabase in Frameworks */ = {isa = PBXBuildFile; productRef = 2D27DA452B05DB9400458E45 /* FirebaseDatabase */; };
		2D27DA482B05DB9400458E45 /* FirebaseFirestore in Frameworks */ = {isa = PBXBuildFile; productRef = 2D27DA472B05DB9400458E45 /* FirebaseFirestore */; };
		2D27DA4A2B05DB9400458E45 /* FirebaseFunctions in Frameworks */ = {isa = PBXBuildFile; productRef = 2D27DA492B05DB9400458E45 /* FirebaseFunctions */; };
		2D27DA4C2B05DB9400458E45 /* FirebaseMessaging in Frameworks */ = {isa = PBXBuildFile; productRef = 2D27DA4B2B05DB9400458E45 /* FirebaseMessaging */; };
		2D27DA4E2B05DB9400458E45 /* FirebasePerformance in Frameworks */ = {isa = PBXBuildFile; productRef = 2D27DA4D2B05DB9400458E45 /* FirebasePerformance */; };
		2D27DA502B05DB9400458E45 /* FirebaseRemoteConfig in Frameworks */ = {isa = PBXBuildFile; productRef = 2D27DA4F2B05DB9400458E45 /* FirebaseRemoteConfig */; };
		2D27DA522B05DB9400458E45 /* FirebaseRemoteConfigSwift in Frameworks */ = {isa = PBXBuildFile; productRef = 2D27DA512B05DB9400458E45 /* FirebaseRemoteConfigSwift */; };
		2D27DA542B05DB9400458E45 /* FirebaseStorage in Frameworks */ = {isa = PBXBuildFile; productRef = 2D27DA532B05DB9400458E45 /* FirebaseStorage */; };
		2D27DA562B05DB9400458E45 /* FirebaseStorageCombine-Community in Frameworks */ = {isa = PBXBuildFile; productRef = 2D27DA552B05DB9400458E45 /* FirebaseStorageCombine-Community */; };
		2D27DA582B05DBCF00458E45 /* SceneDelegate.swift in Sources */ = {isa = PBXBuildFile; fileRef = 2D27DA572B05DBCF00458E45 /* SceneDelegate.swift */; };
/* End PBXBuildFile section */

/* Begin PBXFileReference section */
		2D22DE412B05BAFC00AFE639 /* superwheels.app */ = {isa = PBXFileReference; explicitFileType = wrapper.application; includeInIndex = 0; path = superwheels.app; sourceTree = BUILT_PRODUCTS_DIR; };
		2D22DE442B05BAFC00AFE639 /* superwheelsApp.swift */ = {isa = PBXFileReference; lastKnownFileType = sourcecode.swift; path = superwheelsApp.swift; sourceTree = "<group>"; };
		2D22DE462B05BAFC00AFE639 /* ContentView.swift */ = {isa = PBXFileReference; lastKnownFileType = sourcecode.swift; path = ContentView.swift; sourceTree = "<group>"; };
		2D22DE482B05BAFF00AFE639 /* Assets.xcassets */ = {isa = PBXFileReference; lastKnownFileType = folder.assetcatalog; path = Assets.xcassets; sourceTree = "<group>"; };
		2D22DE4A2B05BAFF00AFE639 /* superwheels.entitlements */ = {isa = PBXFileReference; lastKnownFileType = text.plist.entitlements; path = superwheels.entitlements; sourceTree = "<group>"; };
		2D22DE4C2B05BAFF00AFE639 /* Preview Assets.xcassets */ = {isa = PBXFileReference; lastKnownFileType = folder.assetcatalog; path = "Preview Assets.xcassets"; sourceTree = "<group>"; };
		2D22DE532B05C4D700AFE639 /* Launch Screen.storyboard */ = {isa = PBXFileReference; lastKnownFileType = file.storyboard; path = "Launch Screen.storyboard"; sourceTree = "<group>"; };
		2D22DE552B05C4FC00AFE639 /* Main.storyboard */ = {isa = PBXFileReference; lastKnownFileType = file.storyboard; path = Main.storyboard; sourceTree = "<group>"; };
		2D27DA302B05C56900458E45 /* AppDelegate.swift */ = {isa = PBXFileReference; lastKnownFileType = sourcecode.swift; path = AppDelegate.swift; sourceTree = "<group>"; };
		2D27DA342B05C7D800458E45 /* GoogleService-Info.plist */ = {isa = PBXFileReference; fileEncoding = 4; lastKnownFileType = text.plist.xml; name = "GoogleService-Info.plist"; path = "../../../Documents - N-TICA-022042 - 1/Hafsa/superwheels/superwheels/GoogleService-Info.plist"; sourceTree = "<group>"; };
		2D27DA572B05DBCF00458E45 /* SceneDelegate.swift */ = {isa = PBXFileReference; lastKnownFileType = sourcecode.swift; path = SceneDelegate.swift; sourceTree = "<group>"; };
/* End PBXFileReference section */

/* Begin PBXFrameworksBuildPhase section */
		2D22DE3E2B05BAFC00AFE639 /* Frameworks */ = {
			isa = PBXFrameworksBuildPhase;
			buildActionMask = 2147483647;
			files = (
				2D27DA3C2B05DB9400458E45 /* FirebaseAnalyticsSwift in Frameworks */,
				2D27DA382B05DB9400458E45 /* FirebaseAnalytics in Frameworks */,
				2D27DA4E2B05DB9400458E45 /* FirebasePerformance in Frameworks */,
				2D27DA522B05DB9400458E45 /* FirebaseRemoteConfigSwift in Frameworks */,
				2D27DA3A2B05DB9400458E45 /* FirebaseAnalyticsOnDeviceConversion in Frameworks */,
				2D27DA402B05DB9400458E45 /* FirebaseAppCheck in Frameworks */,
				2D27DA3E2B05DB9400458E45 /* FirebaseAnalyticsWithoutAdIdSupport in Frameworks */,
				2D27DA482B05DB9400458E45 /* FirebaseFirestore in Frameworks */,
				2D27DA542B05DB9400458E45 /* FirebaseStorage in Frameworks */,
				2D27DA442B05DB9400458E45 /* FirebaseAuth in Frameworks */,
				2D27DA562B05DB9400458E45 /* FirebaseStorageCombine-Community in Frameworks */,
				2D27DA4A2B05DB9400458E45 /* FirebaseFunctions in Frameworks */,
				2D27DA462B05DB9400458E45 /* FirebaseDatabase in Frameworks */,
				2D27DA502B05DB9400458E45 /* FirebaseRemoteConfig in Frameworks */,
				2D27DA4C2B05DB9400458E45 /* FirebaseMessaging in Frameworks */,
				2D27DA422B05DB9400458E45 /* FirebaseAppDistribution-Beta in Frameworks */,
			);
			runOnlyForDeploymentPostprocessing = 0;
		};
/* End PBXFrameworksBuildPhase section */

/* Begin PBXGroup section */
		2D22DE382B05BAFC00AFE639 = {
			isa = PBXGroup;
			children = (
				2D22DE432B05BAFC00AFE639 /* superwheels */,
				2D22DE422B05BAFC00AFE639 /* Products */,
			);
			sourceTree = "<group>";
		};
		2D22DE422B05BAFC00AFE639 /* Products */ = {
			isa = PBXGroup;
			children = (
				2D22DE412B05BAFC00AFE639 /* superwheels.app */,
			);
			name = Products;
			sourceTree = "<group>";
		};
		2D22DE432B05BAFC00AFE639 /* superwheels */ = {
			isa = PBXGroup;
			children = (
				2D27DA342B05C7D800458E45 /* GoogleService-Info.plist */,
				2D22DE552B05C4FC00AFE639 /* Main.storyboard */,
				2D22DE442B05BAFC00AFE639 /* superwheelsApp.swift */,
				2D22DE462B05BAFC00AFE639 /* ContentView.swift */,
				2D22DE482B05BAFF00AFE639 /* Assets.xcassets */,
				2D22DE4A2B05BAFF00AFE639 /* superwheels.entitlements */,
				2D22DE4B2B05BAFF00AFE639 /* Preview Content */,
				2D22DE532B05C4D700AFE639 /* Launch Screen.storyboard */,
				2D27DA302B05C56900458E45 /* AppDelegate.swift */,
				2D27DA572B05DBCF00458E45 /* SceneDelegate.swift */,
			);
			path = superwheels;
			sourceTree = "<group>";
		};
		2D22DE4B2B05BAFF00AFE639 /* Preview Content */ = {
			isa = PBXGroup;
			children = (
				2D22DE4C2B05BAFF00AFE639 /* Preview Assets.xcassets */,
			);
			path = "Preview Content";
			sourceTree = "<group>";
		};
/* End PBXGroup section */

/* Begin PBXNativeTarget section */
		2D22DE402B05BAFC00AFE639 /* superwheels */ = {
			isa = PBXNativeTarget;
			buildConfigurationList = 2D22DE502B05BAFF00AFE639 /* Build configuration list for PBXNativeTarget "superwheels" */;
			buildPhases = (
				2D22DE3D2B05BAFC00AFE639 /* Sources */,
				2D22DE3E2B05BAFC00AFE639 /* Frameworks */,
				2D22DE3F2B05BAFC00AFE639 /* Resources */,
			);
			buildRules = (
			);
			dependencies = (
			);
			name = superwheels;
			packageProductDependencies = (
				2D27DA372B05DB9400458E45 /* FirebaseAnalytics */,
				2D27DA392B05DB9400458E45 /* FirebaseAnalyticsOnDeviceConversion */,
				2D27DA3B2B05DB9400458E45 /* FirebaseAnalyticsSwift */,
				2D27DA3D2B05DB9400458E45 /* FirebaseAnalyticsWithoutAdIdSupport */,
				2D27DA3F2B05DB9400458E45 /* FirebaseAppCheck */,
				2D27DA412B05DB9400458E45 /* FirebaseAppDistribution-Beta */,
				2D27DA432B05DB9400458E45 /* FirebaseAuth */,
				2D27DA452B05DB9400458E45 /* FirebaseDatabase */,
				2D27DA472B05DB9400458E45 /* FirebaseFirestore */,
				2D27DA492B05DB9400458E45 /* FirebaseFunctions */,
				2D27DA4B2B05DB9400458E45 /* FirebaseMessaging */,
				2D27DA4D2B05DB9400458E45 /* FirebasePerformance */,
				2D27DA4F2B05DB9400458E45 /* FirebaseRemoteConfig */,
				2D27DA512B05DB9400458E45 /* FirebaseRemoteConfigSwift */,
				2D27DA532B05DB9400458E45 /* FirebaseStorage */,
				2D27DA552B05DB9400458E45 /* FirebaseStorageCombine-Community */,
			);
			productName = superwheels;
			productReference = 2D22DE412B05BAFC00AFE639 /* superwheels.app */;
			productType = "com.apple.product-type.application";
		};
/* End PBXNativeTarget section */

/* Begin PBXProject section */
		2D22DE392B05BAFC00AFE639 /* Project object */ = {
			isa = PBXProject;
			attributes = {
				BuildIndependentTargetsInParallel = 1;
				LastSwiftUpdateCheck = 1500;
				LastUpgradeCheck = 1500;
				TargetAttributes = {
					2D22DE402B05BAFC00AFE639 = {
						CreatedOnToolsVersion = 15.0.1;
					};
				};
			};
			buildConfigurationList = 2D22DE3C2B05BAFC00AFE639 /* Build configuration list for PBXProject "superwheels" */;
			compatibilityVersion = "Xcode 14.0";
			developmentRegion = en;
			hasScannedForEncodings = 0;
			knownRegions = (
				en,
				Base,
			);
			mainGroup = 2D22DE382B05BAFC00AFE639;
			packageReferences = (
				2D27DA362B05DB9300458E45 /* XCRemoteSwiftPackageReference "firebase-ios-sdk" */,
			);
			productRefGroup = 2D22DE422B05BAFC00AFE639 /* Products */;
			projectDirPath = "";
			projectRoot = "";
			targets = (
				2D22DE402B05BAFC00AFE639 /* superwheels */,
			);
		};
/* End PBXProject section */

/* Begin PBXResourcesBuildPhase section */
		2D22DE3F2B05BAFC00AFE639 /* Resources */ = {
			isa = PBXResourcesBuildPhase;
			buildActionMask = 2147483647;
			files = (
				2D22DE542B05C4D700AFE639 /* Launch Screen.storyboard in Resources */,
				2D22DE4D2B05BAFF00AFE639 /* Preview Assets.xcassets in Resources */,
				2D27DA352B05C7D800458E45 /* GoogleService-Info.plist in Resources */,
				2D22DE492B05BAFF00AFE639 /* Assets.xcassets in Resources */,
				2D22DE562B05C4FC00AFE639 /* Main.storyboard in Resources */,
			);
			runOnlyForDeploymentPostprocessing = 0;
		};
/* End PBXResourcesBuildPhase section */

/* Begin PBXSourcesBuildPhase section */
		2D22DE3D2B05BAFC00AFE639 /* Sources */ = {
			isa = PBXSourcesBuildPhase;
			buildActionMask = 2147483647;
			files = (
				2D27DA312B05C56900458E45 /* AppDelegate.swift in Sources */,
				2D22DE472B05BAFC00AFE639 /* ContentView.swift in Sources */,
				2D22DE452B05BAFC00AFE639 /* superwheelsApp.swift in Sources */,
				2D27DA582B05DBCF00458E45 /* SceneDelegate.swift in Sources */,
			);
			runOnlyForDeploymentPostprocessing = 0;
		};
/* End PBXSourcesBuildPhase section */

/* Begin XCBuildConfiguration section */
		2D22DE4E2B05BAFF00AFE639 /* Debug */ = {
			isa = XCBuildConfiguration;
			buildSettings = {
				ALWAYS_SEARCH_USER_PATHS = NO;
				ASSETCATALOG_COMPILER_GENERATE_SWIFT_ASSET_SYMBOL_EXTENSIONS = YES;
				CLANG_ANALYZER_NONNULL = YES;
				CLANG_ANALYZER_NUMBER_OBJECT_CONVERSION = YES_AGGRESSIVE;
				CLANG_CXX_LANGUAGE_STANDARD = "gnu++20";
				CLANG_ENABLE_MODULES = YES;
				CLANG_ENABLE_OBJC_ARC = YES;
				CLANG_ENABLE_OBJC_WEAK = YES;
				CLANG_WARN_BLOCK_CAPTURE_AUTORELEASING = YES;
				CLANG_WARN_BOOL_CONVERSION = YES;
				CLANG_WARN_COMMA = YES;
				CLANG_WARN_CONSTANT_CONVERSION = YES;
				CLANG_WARN_DEPRECATED_OBJC_IMPLEMENTATIONS = YES;
				CLANG_WARN_DIRECT_OBJC_ISA_USAGE = YES_ERROR;
				CLANG_WARN_DOCUMENTATION_COMMENTS = YES;
				CLANG_WARN_EMPTY_BODY = YES;
				CLANG_WARN_ENUM_CONVERSION = YES;
				CLANG_WARN_INFINITE_RECURSION = YES;
				CLANG_WARN_INT_CONVERSION = YES;
				CLANG_WARN_NON_LITERAL_NULL_CONVERSION = YES;
				CLANG_WARN_OBJC_IMPLICIT_RETAIN_SELF = YES;
				CLANG_WARN_OBJC_LITERAL_CONVERSION = YES;
				CLANG_WARN_OBJC_ROOT_CLASS = YES_ERROR;
				CLANG_WARN_QUOTED_INCLUDE_IN_FRAMEWORK_HEADER = YES;
				CLANG_WARN_RANGE_LOOP_ANALYSIS = YES;
				CLANG_WARN_STRICT_PROTOTYPES = YES;
				CLANG_WARN_SUSPICIOUS_MOVE = YES;
				CLANG_WARN_UNGUARDED_AVAILABILITY = YES_AGGRESSIVE;
				CLANG_WARN_UNREACHABLE_CODE = YES;
				CLANG_WARN__DUPLICATE_METHOD_MATCH = YES;
				COPY_PHASE_STRIP = NO;
				DEBUG_INFORMATION_FORMAT = dwarf;
				ENABLE_STRICT_OBJC_MSGSEND = YES;
				ENABLE_TESTABILITY = YES;
				ENABLE_USER_SCRIPT_SANDBOXING = YES;
				GCC_C_LANGUAGE_STANDARD = gnu17;
				GCC_DYNAMIC_NO_PIC = NO;
				GCC_NO_COMMON_BLOCKS = YES;
				GCC_OPTIMIZATION_LEVEL = 0;
				GCC_PREPROCESSOR_DEFINITIONS = (
					"DEBUG=1",
					"$(inherited)",
				);
				GCC_WARN_64_TO_32_BIT_CONVERSION = YES;
				GCC_WARN_ABOUT_RETURN_TYPE = YES_ERROR;
				GCC_WARN_UNDECLARED_SELECTOR = YES;
				GCC_WARN_UNINITIALIZED_AUTOS = YES_AGGRESSIVE;
				GCC_WARN_UNUSED_FUNCTION = YES;
				GCC_WARN_UNUSED_VARIABLE = YES;
				LOCALIZATION_PREFERS_STRING_CATALOGS = YES;
				MTL_ENABLE_DEBUG_INFO = INCLUDE_SOURCE;
				MTL_FAST_MATH = YES;
				ONLY_ACTIVE_ARCH = YES;
				SWIFT_ACTIVE_COMPILATION_CONDITIONS = "DEBUG $(inherited)";
				SWIFT_OPTIMIZATION_LEVEL = "-Onone";
			};
			name = Debug;
		};
		2D22DE4F2B05BAFF00AFE639 /* Release */ = {
			isa = XCBuildConfiguration;
			buildSettings = {
				ALWAYS_SEARCH_USER_PATHS = NO;
				ASSETCATALOG_COMPILER_GENERATE_SWIFT_ASSET_SYMBOL_EXTENSIONS = YES;
				CLANG_ANALYZER_NONNULL = YES;
				CLANG_ANALYZER_NUMBER_OBJECT_CONVERSION = YES_AGGRESSIVE;
				CLANG_CXX_LANGUAGE_STANDARD = "gnu++20";
				CLANG_ENABLE_MODULES = YES;
				CLANG_ENABLE_OBJC_ARC = YES;
				CLANG_ENABLE_OBJC_WEAK = YES;
				CLANG_WARN_BLOCK_CAPTURE_AUTORELEASING = YES;
				CLANG_WARN_BOOL_CONVERSION = YES;
				CLANG_WARN_COMMA = YES;
				CLANG_WARN_CONSTANT_CONVERSION = YES;
				CLANG_WARN_DEPRECATED_OBJC_IMPLEMENTATIONS = YES;
				CLANG_WARN_DIRECT_OBJC_ISA_USAGE = YES_ERROR;
				CLANG_WARN_DOCUMENTATION_COMMENTS = YES;
				CLANG_WARN_EMPTY_BODY = YES;
				CLANG_WARN_ENUM_CONVERSION = YES;
				CLANG_WARN_INFINITE_RECURSION = YES;
				CLANG_WARN_INT_CONVERSION = YES;
				CLANG_WARN_NON_LITERAL_NULL_CONVERSION = YES;
				CLANG_WARN_OBJC_IMPLICIT_RETAIN_SELF = YES;
				CLANG_WARN_OBJC_LITERAL_CONVERSION = YES;
				CLANG_WARN_OBJC_ROOT_CLASS = YES_ERROR;
				CLANG_WARN_QUOTED_INCLUDE_IN_FRAMEWORK_HEADER = YES;
				CLANG_WARN_RANGE_LOOP_ANALYSIS = YES;
				CLANG_WARN_STRICT_PROTOTYPES = YES;
				CLANG_WARN_SUSPICIOUS_MOVE = YES;
				CLANG_WARN_UNGUARDED_AVAILABILITY = YES_AGGRESSIVE;
				CLANG_WARN_UNREACHABLE_CODE = YES;
				CLANG_WARN__DUPLICATE_METHOD_MATCH = YES;
				COPY_PHASE_STRIP = NO;
				DEBUG_INFORMATION_FORMAT = "dwarf-with-dsym";
				ENABLE_NS_ASSERTIONS = NO;
				ENABLE_STRICT_OBJC_MSGSEND = YES;
				ENABLE_USER_SCRIPT_SANDBOXING = YES;
				GCC_C_LANGUAGE_STANDARD = gnu17;
				GCC_NO_COMMON_BLOCKS = YES;
				GCC_WARN_64_TO_32_BIT_CONVERSION = YES;
				GCC_WARN_ABOUT_RETURN_TYPE = YES_ERROR;
				GCC_WARN_UNDECLARED_SELECTOR = YES;
				GCC_WARN_UNINITIALIZED_AUTOS = YES_AGGRESSIVE;
				GCC_WARN_UNUSED_FUNCTION = YES;
				GCC_WARN_UNUSED_VARIABLE = YES;
				LOCALIZATION_PREFERS_STRING_CATALOGS = YES;
				MTL_ENABLE_DEBUG_INFO = NO;
				MTL_FAST_MATH = YES;
				SWIFT_COMPILATION_MODE = wholemodule;
			};
			name = Release;
		};
		2D22DE512B05BAFF00AFE639 /* Debug */ = {
			isa = XCBuildConfiguration;
			buildSettings = {
				ASSETCATALOG_COMPILER_APPICON_NAME = AppIcon;
				ASSETCATALOG_COMPILER_GLOBAL_ACCENT_COLOR_NAME = AccentColor;
				CODE_SIGN_ENTITLEMENTS = superwheels/superwheels.entitlements;
				CODE_SIGN_STYLE = Automatic;
				CURRENT_PROJECT_VERSION = 1;
				DEVELOPMENT_ASSET_PATHS = "\"superwheels/Preview Content\"";
				ENABLE_PREVIEWS = YES;
				GENERATE_INFOPLIST_FILE = YES;
				"INFOPLIST_KEY_UIApplicationSceneManifest_Generation[sdk=iphoneos*]" = YES;
				"INFOPLIST_KEY_UIApplicationSceneManifest_Generation[sdk=iphonesimulator*]" = YES;
				"INFOPLIST_KEY_UIApplicationSupportsIndirectInputEvents[sdk=iphoneos*]" = YES;
				"INFOPLIST_KEY_UIApplicationSupportsIndirectInputEvents[sdk=iphonesimulator*]" = YES;
				"INFOPLIST_KEY_UILaunchScreen_Generation[sdk=iphoneos*]" = YES;
				"INFOPLIST_KEY_UILaunchScreen_Generation[sdk=iphonesimulator*]" = YES;
				"INFOPLIST_KEY_UIStatusBarStyle[sdk=iphoneos*]" = UIStatusBarStyleDefault;
				"INFOPLIST_KEY_UIStatusBarStyle[sdk=iphonesimulator*]" = UIStatusBarStyleDefault;
				INFOPLIST_KEY_UISupportedInterfaceOrientations_iPad = "UIInterfaceOrientationPortrait UIInterfaceOrientationPortraitUpsideDown UIInterfaceOrientationLandscapeLeft UIInterfaceOrientationLandscapeRight";
				INFOPLIST_KEY_UISupportedInterfaceOrientations_iPhone = "UIInterfaceOrientationPortrait UIInterfaceOrientationLandscapeLeft UIInterfaceOrientationLandscapeRight";
				IPHONEOS_DEPLOYMENT_TARGET = 17.0;
				LD_RUNPATH_SEARCH_PATHS = "@executable_path/Frameworks";
				"LD_RUNPATH_SEARCH_PATHS[sdk=macosx*]" = "@executable_path/../Frameworks";
				MACOSX_DEPLOYMENT_TARGET = 14.0;
				MARKETING_VERSION = 1.0;
				PRODUCT_BUNDLE_IDENTIFIER = au.com.superwheels;
				PRODUCT_NAME = "$(TARGET_NAME)";
				SDKROOT = auto;
				SUPPORTED_PLATFORMS = "iphoneos iphonesimulator macosx";
				SWIFT_EMIT_LOC_STRINGS = YES;
				SWIFT_VERSION = 5.0;
				TARGETED_DEVICE_FAMILY = "1,2";
			};
			name = Debug;
		};
		2D22DE522B05BAFF00AFE639 /* Release */ = {
			isa = XCBuildConfiguration;
			buildSettings = {
				ASSETCATALOG_COMPILER_APPICON_NAME = AppIcon;
				ASSETCATALOG_COMPILER_GLOBAL_ACCENT_COLOR_NAME = AccentColor;
				CODE_SIGN_ENTITLEMENTS = superwheels/superwheels.entitlements;
				CODE_SIGN_STYLE = Automatic;
				CURRENT_PROJECT_VERSION = 1;
				DEVELOPMENT_ASSET_PATHS = "\"superwheels/Preview Content\"";
				ENABLE_PREVIEWS = YES;
				GENERATE_INFOPLIST_FILE = YES;
				"INFOPLIST_KEY_UIApplicationSceneManifest_Generation[sdk=iphoneos*]" = YES;
				"INFOPLIST_KEY_UIApplicationSceneManifest_Generation[sdk=iphonesimulator*]" = YES;
				"INFOPLIST_KEY_UIApplicationSupportsIndirectInputEvents[sdk=iphoneos*]" = YES;
				"INFOPLIST_KEY_UIApplicationSupportsIndirectInputEvents[sdk=iphonesimulator*]" = YES;
				"INFOPLIST_KEY_UILaunchScreen_Generation[sdk=iphoneos*]" = YES;
				"INFOPLIST_KEY_UILaunchScreen_Generation[sdk=iphonesimulator*]" = YES;
				"INFOPLIST_KEY_UIStatusBarStyle[sdk=iphoneos*]" = UIStatusBarStyleDefault;
				"INFOPLIST_KEY_UIStatusBarStyle[sdk=iphonesimulator*]" = UIStatusBarStyleDefault;
				INFOPLIST_KEY_UISupportedInterfaceOrientations_iPad = "UIInterfaceOrientationPortrait UIInterfaceOrientationPortraitUpsideDown UIInterfaceOrientationLandscapeLeft UIInterfaceOrientationLandscapeRight";
				INFOPLIST_KEY_UISupportedInterfaceOrientations_iPhone = "UIInterfaceOrientationPortrait UIInterfaceOrientationLandscapeLeft UIInterfaceOrientationLandscapeRight";
				IPHONEOS_DEPLOYMENT_TARGET = 17.0;
				LD_RUNPATH_SEARCH_PATHS = "@executable_path/Frameworks";
				"LD_RUNPATH_SEARCH_PATHS[sdk=macosx*]" = "@executable_path/../Frameworks";
				MACOSX_DEPLOYMENT_TARGET = 14.0;
				MARKETING_VERSION = 1.0;
				PRODUCT_BUNDLE_IDENTIFIER = au.com.superwheels;
				PRODUCT_NAME = "$(TARGET_NAME)";
				SDKROOT = auto;
				SUPPORTED_PLATFORMS = "iphoneos iphonesimulator macosx";
				SWIFT_EMIT_LOC_STRINGS = YES;
				SWIFT_VERSION = 5.0;
				TARGETED_DEVICE_FAMILY = "1,2";
			};
			name = Release;
		};
/* End XCBuildConfiguration section */

/* Begin XCConfigurationList section */
		2D22DE3C2B05BAFC00AFE639 /* Build configuration list for PBXProject "superwheels" */ = {
			isa = XCConfigurationList;
			buildConfigurations = (
				2D22DE4E2B05BAFF00AFE639 /* Debug */,
				2D22DE4F2B05BAFF00AFE639 /* Release */,
			);
			defaultConfigurationIsVisible = 0;
			defaultConfigurationName = Release;
		};
		2D22DE502B05BAFF00AFE639 /* Build configuration list for PBXNativeTarget "superwheels" */ = {
			isa = XCConfigurationList;
			buildConfigurations = (
				2D22DE512B05BAFF00AFE639 /* Debug */,
				2D22DE522B05BAFF00AFE639 /* Release */,
			);
			defaultConfigurationIsVisible = 0;
			defaultConfigurationName = Release;
		};
/* End XCConfigurationList section */

/* Begin XCRemoteSwiftPackageReference section */
		2D27DA362B05DB9300458E45 /* XCRemoteSwiftPackageReference "firebase-ios-sdk" */ = {
			isa = XCRemoteSwiftPackageReference;
			repositoryURL = "https://github.com/firebase/firebase-ios-sdk";
			requirement = {
				kind = upToNextMajorVersion;
				minimumVersion = 10.18.0;
			};
		};
/* End XCRemoteSwiftPackageReference section */

/* Begin XCSwiftPackageProductDependency section */
		2D27DA372B05DB9400458E45 /* FirebaseAnalytics */ = {
			isa = XCSwiftPackageProductDependency;
			package = 2D27DA362B05DB9300458E45 /* XCRemoteSwiftPackageReference "firebase-ios-sdk" */;
			productName = FirebaseAnalytics;
		};
		2D27DA392B05DB9400458E45 /* FirebaseAnalyticsOnDeviceConversion */ = {
			isa = XCSwiftPackageProductDependency;
			package = 2D27DA362B05DB9300458E45 /* XCRemoteSwiftPackageReference "firebase-ios-sdk" */;
			productName = FirebaseAnalyticsOnDeviceConversion;
		};
		2D27DA3B2B05DB9400458E45 /* FirebaseAnalyticsSwift */ = {
			isa = XCSwiftPackageProductDependency;
			package = 2D27DA362B05DB9300458E45 /* XCRemoteSwiftPackageReference "firebase-ios-sdk" */;
			productName = FirebaseAnalyticsSwift;
		};
		2D27DA3D2B05DB9400458E45 /* FirebaseAnalyticsWithoutAdIdSupport */ = {
			isa = XCSwiftPackageProductDependency;
			package = 2D27DA362B05DB9300458E45 /* XCRemoteSwiftPackageReference "firebase-ios-sdk" */;
			productName = FirebaseAnalyticsWithoutAdIdSupport;
		};
		2D27DA3F2B05DB9400458E45 /* FirebaseAppCheck */ = {
			isa = XCSwiftPackageProductDependency;
			package = 2D27DA362B05DB9300458E45 /* XCRemoteSwiftPackageReference "firebase-ios-sdk" */;
			productName = FirebaseAppCheck;
		};
		2D27DA412B05DB9400458E45 /* FirebaseAppDistribution-Beta */ = {
			isa = XCSwiftPackageProductDependency;
			package = 2D27DA362B05DB9300458E45 /* XCRemoteSwiftPackageReference "firebase-ios-sdk" */;
			productName = "FirebaseAppDistribution-Beta";
		};
		2D27DA432B05DB9400458E45 /* FirebaseAuth */ = {
			isa = XCSwiftPackageProductDependency;
			package = 2D27DA362B05DB9300458E45 /* XCRemoteSwiftPackageReference "firebase-ios-sdk" */;
			productName = FirebaseAuth;
		};
		2D27DA452B05DB9400458E45 /* FirebaseDatabase */ = {
			isa = XCSwiftPackageProductDependency;
			package = 2D27DA362B05DB9300458E45 /* XCRemoteSwiftPackageReference "firebase-ios-sdk" */;
			productName = FirebaseDatabase;
		};
		2D27DA472B05DB9400458E45 /* FirebaseFirestore */ = {
			isa = XCSwiftPackageProductDependency;
			package = 2D27DA362B05DB9300458E45 /* XCRemoteSwiftPackageReference "firebase-ios-sdk" */;
			productName = FirebaseFirestore;
		};
		2D27DA492B05DB9400458E45 /* FirebaseFunctions */ = {
			isa = XCSwiftPackageProductDependency;
			package = 2D27DA362B05DB9300458E45 /* XCRemoteSwiftPackageReference "firebase-ios-sdk" */;
			productName = FirebaseFunctions;
		};
		2D27DA4B2B05DB9400458E45 /* FirebaseMessaging */ = {
			isa = XCSwiftPackageProductDependency;
			package = 2D27DA362B05DB9300458E45 /* XCRemoteSwiftPackageReference "firebase-ios-sdk" */;
			productName = FirebaseMessaging;
		};
		2D27DA4D2B05DB9400458E45 /* FirebasePerformance */ = {
			isa = XCSwiftPackageProductDependency;
			package = 2D27DA362B05DB9300458E45 /* XCRemoteSwiftPackageReference "firebase-ios-sdk" */;
			productName = FirebasePerformance;
		};
		2D27DA4F2B05DB9400458E45 /* FirebaseRemoteConfig */ = {
			isa = XCSwiftPackageProductDependency;
			package = 2D27DA362B05DB9300458E45 /* XCRemoteSwiftPackageReference "firebase-ios-sdk" */;
			productName = FirebaseRemoteConfig;
		};
		2D27DA512B05DB9400458E45 /* FirebaseRemoteConfigSwift */ = {
			isa = XCSwiftPackageProductDependency;
			package = 2D27DA362B05DB9300458E45 /* XCRemoteSwiftPackageReference "firebase-ios-sdk" */;
			productName = FirebaseRemoteConfigSwift;
		};
		2D27DA532B05DB9400458E45 /* FirebaseStorage */ = {
			isa = XCSwiftPackageProductDependency;
			package = 2D27DA362B05DB9300458E45 /* XCRemoteSwiftPackageReference "firebase-ios-sdk" */;
			productName = FirebaseStorage;
		};
		2D27DA552B05DB9400458E45 /* FirebaseStorageCombine-Community */ = {
			isa = XCSwiftPackageProductDependency;
			package = 2D27DA362B05DB9300458E45 /* XCRemoteSwiftPackageReference "firebase-ios-sdk" */;
			productName = "FirebaseStorageCombine-Community";
		};
/* End XCSwiftPackageProductDependency section */
	};
	rootObject = 2D22DE392B05BAFC00AFE639 /* Project object */;
}
